
Microsoft Visual Studio Solution File, Format Version 12.00
# Visual Studio Version 16
VisualStudioVersion = 16.0.30406.217
MinimumVisualStudioVersion = 10.0.40219.1
Project("{8BC9CEB8-8B4A-11D0-8D11-00A0C91BC942}") = "Week1Program2", "Week1Program2\Week1Program2.vcxproj", "{4EF0CEEA-BB58-4964-8502-42BCB543148A}"
EndProject
Global
	GlobalSection(SolutionConfigurationPlatforms) = preSolution
		Debug|x64 = Debug|x64
		Debug|x86 = Debug|x86
		Release|x64 = Release|x64
		Release|x86 = Release|x86
	EndGlobalSection
	GlobalSection(ProjectConfigurationPlatforms) = postSolution
		{4EF0CEEA-BB58-4964-8502-42BCB543148A}.Debug|x64.ActiveCfg = Debug|x64
		{4EF0CEEA-BB58-4964-8502-42BCB543148A}.Debug|x64.Build.0 = Debug|x64
		{4EF0CEEA-BB58-4964-8502-42BCB543148A}.Debug|x86.ActiveCfg = Debug|Win32
		{4EF0CEEA-BB58-4964-8502-42BCB543148A}.Debug|x86.Build.0 = Debug|Win32
		{4EF0CEEA-BB58-4964-8502-42BCB543148A}.Release|x64.ActiveCfg = Release|x64
		{4EF0CEEA-BB58-4964-8502-42BCB543148A}.Release|x64.Build.0 = Release|x64
		{4EF0CEEA-BB58-4964-8502-42BCB543148A}.Release|x86.ActiveCfg = Release|Win32
		{4EF0CEEA-BB58-4964-8502-42BCB543148A}.Release|x86.Build.0 = Release|Win32
	EndGlobalSection
	GlobalSection(SolutionProperties) = preSolution
		HideSolutionNode = FALSE
	EndGlobalSection
	GlobalSection(ExtensibilityGlobals) = postSolution
		SolutionGuid = {98E00769-1653-40F8-83C8-05E7A4C13B44}
	EndGlobalSection
EndGlobal
